{
  "object": {
    "pins": [
      {
        "package": "GRDB",
        "repositoryURL": "https://github.com/duckduckgo/GRDB.swift.git",
        "state": {
          "branch": "brindy/merge-upstream-for-xcode13",
          "revision": "3dcb670e69c384516752d78cd4457d2540583e84",
          "version": null
        }
      }
    ]
  },
  "version": 1
}
