{
  "object": {
    "pins": [
      {
        "package": "GRDB",
        "repositoryURL": "https://github.com/duckduckgo/GRDB.swift.git",
        "state": {
          "branch": "SQLCipher",
          "revision": "e5714d4b6ee1651d2271b04ae85aaf5a327fe70a",
          "version": null
        }
      }
    ]
  },
  "version": 1
}
