{
  "pins" : [
    {
      "identity" : "bloom_cpp",
      "kind" : "remoteSourceControl",
      "location" : "https://github.com/duckduckgo/bloom_cpp.git",
      "state" : {
        "revision" : "8076199456290b61b4544bf2f4caf296759906a0",
        "version" : "3.0.0"
      }
    },
    {
      "identity" : "content-scope-scripts",
      "kind" : "remoteSourceControl",
      "location" : "https://github.com/duckduckgo/content-scope-scripts",
      "state" : {
        "revision" : "c4bb146afdf0c7a93fb9a7d95b1cb255708a470d",
        "version" : "6.41.0"
      }
    },
    {
      "identity" : "duckduckgo-autofill",
      "kind" : "remoteSourceControl",
      "location" : "https://github.com/duckduckgo/duckduckgo-autofill.git",
      "state" : {
        "revision" : "c992041d16ec10d790e6204dce9abf9966d1363c",
        "version" : "15.1.0"
      }
    },
    {
      "identity" : "grdb.swift",
      "kind" : "remoteSourceControl",
      "location" : "https://github.com/duckduckgo/GRDB.swift.git",
      "state" : {
        "revision" : "5b2f6a81099d26ae0f9e38788f51490cd6a4b202",
        "version" : "2.4.2"
      }
    },
    {
      "identity" : "gzipswift",
      "kind" : "remoteSourceControl",
      "location" : "https://github.com/1024jp/GzipSwift.git",
      "state" : {
        "revision" : "731037f6cc2be2ec01562f6597c1d0aa3fe6fd05",
        "version" : "6.0.1"
      }
    },
    {
      "identity" : "privacy-dashboard",
      "kind" : "remoteSourceControl",
      "location" : "https://github.com/duckduckgo/privacy-dashboard",
      "state" : {
        "revision" : "49db79829dcb166b3524afdbc1c680890452ce1c",
        "version" : "7.2.1"
      }
    },
    {
      "identity" : "punycodeswift",
      "kind" : "remoteSourceControl",
      "location" : "https://github.com/gumob/PunycodeSwift.git",
      "state" : {
        "revision" : "30a462bdb4398ea835a3585472229e0d74b36ba5",
        "version" : "3.0.0"
      }
    },
    {
      "identity" : "swifter",
      "kind" : "remoteSourceControl",
      "location" : "https://github.com/httpswift/swifter.git",
      "state" : {
        "revision" : "9483a5d459b45c3ffd059f7b55f9638e268632fd",
        "version" : "1.5.0"
      }
    },
    {
      "identity" : "sync_crypto",
      "kind" : "remoteSourceControl",
      "location" : "https://github.com/duckduckgo/sync_crypto",
      "state" : {
        "revision" : "0c8bf3c0e75591bc366407b9d7a73a9fcfc7736f",
        "version" : "0.3.0"
      }
    },
    {
      "identity" : "trackerradarkit",
      "kind" : "remoteSourceControl",
      "location" : "https://github.com/duckduckgo/TrackerRadarKit",
      "state" : {
        "revision" : "5de0a610a7927b638a5fd463a53032c9934a2c3b",
        "version" : "3.0.0"
      }
    }
  ],
  "version" : 2
}
